
Microsoft Visual Studio Solution File, Format Version 12.00
# Visual Studio 15
VisualStudioVersion = 15.0.28010.2003
MinimumVisualStudioVersion = 10.0.40219.1
Project("{FAE04EC0-301F-11D3-BF4B-00C04F79EFBC}") = "PurposefulErrors_DylanAbeyta", "PurposefulErrors_DylanAbeyta\PurposefulErrors_DylanAbeyta.csproj", "{3566D895-F0B4-4FA9-B539-8B6602141524}"
EndProject
Global
	GlobalSection(SolutionConfigurationPlatforms) = preSolution
		Debug|Any CPU = Debug|Any CPU
		Release|Any CPU = Release|Any CPU
	EndGlobalSection
	GlobalSection(ProjectConfigurationPlatforms) = postSolution
		{3566D895-F0B4-4FA9-B539-8B6602141524}.Debug|Any CPU.ActiveCfg = Debug|Any CPU
		{3566D895-F0B4-4FA9-B539-8B6602141524}.Debug|Any CPU.Build.0 = Debug|Any CPU
		{3566D895-F0B4-4FA9-B539-8B6602141524}.Release|Any CPU.ActiveCfg = Release|Any CPU
		{3566D895-F0B4-4FA9-B539-8B6602141524}.Release|Any CPU.Build.0 = Release|Any CPU
	EndGlobalSection
	GlobalSection(SolutionProperties) = preSolution
		HideSolutionNode = FALSE
	EndGlobalSection
	GlobalSection(ExtensibilityGlobals) = postSolution
		SolutionGuid = {85CE6C46-2374-44E0-A958-1BCBCDDB8F13}
	EndGlobalSection
EndGlobal
