
Microsoft Visual Studio Solution File, Format Version 12.00
# Visual Studio 15
VisualStudioVersion = 15.0.28010.2003
MinimumVisualStudioVersion = 10.0.40219.1
Project("{FAE04EC0-301F-11D3-BF4B-00C04F79EFBC}") = "DAbeyta_PracticeMain", "DAbeyta_PracticeMain\DAbeyta_PracticeMain.csproj", "{AC7CF8EF-69A7-46CB-A656-FC69D8498E13}"
EndProject
Global
	GlobalSection(SolutionConfigurationPlatforms) = preSolution
		Debug|Any CPU = Debug|Any CPU
		Release|Any CPU = Release|Any CPU
	EndGlobalSection
	GlobalSection(ProjectConfigurationPlatforms) = postSolution
		{AC7CF8EF-69A7-46CB-A656-FC69D8498E13}.Debug|Any CPU.ActiveCfg = Debug|Any CPU
		{AC7CF8EF-69A7-46CB-A656-FC69D8498E13}.Debug|Any CPU.Build.0 = Debug|Any CPU
		{AC7CF8EF-69A7-46CB-A656-FC69D8498E13}.Release|Any CPU.ActiveCfg = Release|Any CPU
		{AC7CF8EF-69A7-46CB-A656-FC69D8498E13}.Release|Any CPU.Build.0 = Release|Any CPU
	EndGlobalSection
	GlobalSection(SolutionProperties) = preSolution
		HideSolutionNode = FALSE
	EndGlobalSection
	GlobalSection(ExtensibilityGlobals) = postSolution
		SolutionGuid = {5A9F57BA-B387-40EB-B1E8-9ADD357AE9FA}
	EndGlobalSection
EndGlobal
