
Microsoft Visual Studio Solution File, Format Version 12.00
# Visual Studio 15
VisualStudioVersion = 15.0.28010.2003
MinimumVisualStudioVersion = 10.0.40219.1
Project("{FAE04EC0-301F-11D3-BF4B-00C04F79EFBC}") = "DAbeyta_CeasarCypher", "DAbeyta_CeasarCypher\DAbeyta_CeasarCypher.csproj", "{CE8952E4-CCD3-4D32-878B-DBC6C7D68ADE}"
EndProject
Global
	GlobalSection(SolutionConfigurationPlatforms) = preSolution
		Debug|Any CPU = Debug|Any CPU
		Release|Any CPU = Release|Any CPU
	EndGlobalSection
	GlobalSection(ProjectConfigurationPlatforms) = postSolution
		{CE8952E4-CCD3-4D32-878B-DBC6C7D68ADE}.Debug|Any CPU.ActiveCfg = Debug|Any CPU
		{CE8952E4-CCD3-4D32-878B-DBC6C7D68ADE}.Debug|Any CPU.Build.0 = Debug|Any CPU
		{CE8952E4-CCD3-4D32-878B-DBC6C7D68ADE}.Release|Any CPU.ActiveCfg = Release|Any CPU
		{CE8952E4-CCD3-4D32-878B-DBC6C7D68ADE}.Release|Any CPU.Build.0 = Release|Any CPU
	EndGlobalSection
	GlobalSection(SolutionProperties) = preSolution
		HideSolutionNode = FALSE
	EndGlobalSection
	GlobalSection(ExtensibilityGlobals) = postSolution
		SolutionGuid = {758B911E-C738-4FD2-A618-7C19DFDBD9A0}
	EndGlobalSection
EndGlobal
