
Microsoft Visual Studio Solution File, Format Version 12.00
# Visual Studio 15
VisualStudioVersion = 15.0.28010.2003
MinimumVisualStudioVersion = 10.0.40219.1
Project("{FAE04EC0-301F-11D3-BF4B-00C04F79EFBC}") = "QuizStringSplosion_DylanAbeyta", "QuizStringSplosion_DylanAbeyta\QuizStringSplosion_DylanAbeyta.csproj", "{9AA4FD98-943D-4F75-9C06-A2F17D6C0482}"
EndProject
Global
	GlobalSection(SolutionConfigurationPlatforms) = preSolution
		Debug|Any CPU = Debug|Any CPU
		Release|Any CPU = Release|Any CPU
	EndGlobalSection
	GlobalSection(ProjectConfigurationPlatforms) = postSolution
		{9AA4FD98-943D-4F75-9C06-A2F17D6C0482}.Debug|Any CPU.ActiveCfg = Debug|Any CPU
		{9AA4FD98-943D-4F75-9C06-A2F17D6C0482}.Debug|Any CPU.Build.0 = Debug|Any CPU
		{9AA4FD98-943D-4F75-9C06-A2F17D6C0482}.Release|Any CPU.ActiveCfg = Release|Any CPU
		{9AA4FD98-943D-4F75-9C06-A2F17D6C0482}.Release|Any CPU.Build.0 = Release|Any CPU
	EndGlobalSection
	GlobalSection(SolutionProperties) = preSolution
		HideSolutionNode = FALSE
	EndGlobalSection
	GlobalSection(ExtensibilityGlobals) = postSolution
		SolutionGuid = {61C830B7-8111-4B48-A481-DA711C824D38}
	EndGlobalSection
EndGlobal
