
Microsoft Visual Studio Solution File, Format Version 12.00
# Visual Studio 15
VisualStudioVersion = 15.0.28010.2003
MinimumVisualStudioVersion = 10.0.40219.1
Project("{FAE04EC0-301F-11D3-BF4B-00C04F79EFBC}") = "DeckOfCards_DylanAbeyta", "DeckOfCards_DylanAbeyta\DeckOfCards_DylanAbeyta.csproj", "{128627DE-93F8-4D95-B0EE-DA106D591DF4}"
EndProject
Global
	GlobalSection(SolutionConfigurationPlatforms) = preSolution
		Debug|Any CPU = Debug|Any CPU
		Release|Any CPU = Release|Any CPU
	EndGlobalSection
	GlobalSection(ProjectConfigurationPlatforms) = postSolution
		{128627DE-93F8-4D95-B0EE-DA106D591DF4}.Debug|Any CPU.ActiveCfg = Debug|Any CPU
		{128627DE-93F8-4D95-B0EE-DA106D591DF4}.Debug|Any CPU.Build.0 = Debug|Any CPU
		{128627DE-93F8-4D95-B0EE-DA106D591DF4}.Release|Any CPU.ActiveCfg = Release|Any CPU
		{128627DE-93F8-4D95-B0EE-DA106D591DF4}.Release|Any CPU.Build.0 = Release|Any CPU
	EndGlobalSection
	GlobalSection(SolutionProperties) = preSolution
		HideSolutionNode = FALSE
	EndGlobalSection
	GlobalSection(ExtensibilityGlobals) = postSolution
		SolutionGuid = {313B83B2-220F-4460-8963-34BE967B21B8}
	EndGlobalSection
EndGlobal
