
Microsoft Visual Studio Solution File, Format Version 12.00
# Visual Studio 15
VisualStudioVersion = 15.0.28010.2003
MinimumVisualStudioVersion = 10.0.40219.1
Project("{FAE04EC0-301F-11D3-BF4B-00C04F79EFBC}") = "IntroWindowsForms", "IntroWindowsForms\IntroWindowsForms.csproj", "{45742575-A238-4080-AED0-8248F10D8721}"
EndProject
Global
	GlobalSection(SolutionConfigurationPlatforms) = preSolution
		Debug|Any CPU = Debug|Any CPU
		Release|Any CPU = Release|Any CPU
	EndGlobalSection
	GlobalSection(ProjectConfigurationPlatforms) = postSolution
		{45742575-A238-4080-AED0-8248F10D8721}.Debug|Any CPU.ActiveCfg = Debug|Any CPU
		{45742575-A238-4080-AED0-8248F10D8721}.Debug|Any CPU.Build.0 = Debug|Any CPU
		{45742575-A238-4080-AED0-8248F10D8721}.Release|Any CPU.ActiveCfg = Release|Any CPU
		{45742575-A238-4080-AED0-8248F10D8721}.Release|Any CPU.Build.0 = Release|Any CPU
	EndGlobalSection
	GlobalSection(SolutionProperties) = preSolution
		HideSolutionNode = FALSE
	EndGlobalSection
	GlobalSection(ExtensibilityGlobals) = postSolution
		SolutionGuid = {57A144DA-9697-4CAA-929C-FE2BD5F1C385}
	EndGlobalSection
EndGlobal
