
Microsoft Visual Studio Solution File, Format Version 12.00
# Visual Studio 15
VisualStudioVersion = 15.0.28010.2003
MinimumVisualStudioVersion = 10.0.40219.1
Project("{FAE04EC0-301F-11D3-BF4B-00C04F79EFBC}") = "jaggedArray_DylanAbeyta", "jaggedArray_DylanAbeyta\jaggedArray_DylanAbeyta.csproj", "{339A1BB6-F6AA-4785-BB9C-F6B73BF268BC}"
EndProject
Global
	GlobalSection(SolutionConfigurationPlatforms) = preSolution
		Debug|Any CPU = Debug|Any CPU
		Release|Any CPU = Release|Any CPU
	EndGlobalSection
	GlobalSection(ProjectConfigurationPlatforms) = postSolution
		{339A1BB6-F6AA-4785-BB9C-F6B73BF268BC}.Debug|Any CPU.ActiveCfg = Debug|Any CPU
		{339A1BB6-F6AA-4785-BB9C-F6B73BF268BC}.Debug|Any CPU.Build.0 = Debug|Any CPU
		{339A1BB6-F6AA-4785-BB9C-F6B73BF268BC}.Release|Any CPU.ActiveCfg = Release|Any CPU
		{339A1BB6-F6AA-4785-BB9C-F6B73BF268BC}.Release|Any CPU.Build.0 = Release|Any CPU
	EndGlobalSection
	GlobalSection(SolutionProperties) = preSolution
		HideSolutionNode = FALSE
	EndGlobalSection
	GlobalSection(ExtensibilityGlobals) = postSolution
		SolutionGuid = {D6D44F18-2304-4087-A0F8-ADBCBF4A485C}
	EndGlobalSection
EndGlobal
