
Microsoft Visual Studio Solution File, Format Version 12.00
# Visual Studio 15
VisualStudioVersion = 15.0.28010.2003
MinimumVisualStudioVersion = 10.0.40219.1
Project("{FAE04EC0-301F-11D3-BF4B-00C04F79EFBC}") = "DAbeyta_Palindrone2", "DAbeyta_Palindrone2\DAbeyta_Palindrone2.csproj", "{1526937F-F4A0-47FE-A2C6-C1E0D3572398}"
EndProject
Global
	GlobalSection(SolutionConfigurationPlatforms) = preSolution
		Debug|Any CPU = Debug|Any CPU
		Release|Any CPU = Release|Any CPU
	EndGlobalSection
	GlobalSection(ProjectConfigurationPlatforms) = postSolution
		{1526937F-F4A0-47FE-A2C6-C1E0D3572398}.Debug|Any CPU.ActiveCfg = Debug|Any CPU
		{1526937F-F4A0-47FE-A2C6-C1E0D3572398}.Debug|Any CPU.Build.0 = Debug|Any CPU
		{1526937F-F4A0-47FE-A2C6-C1E0D3572398}.Release|Any CPU.ActiveCfg = Release|Any CPU
		{1526937F-F4A0-47FE-A2C6-C1E0D3572398}.Release|Any CPU.Build.0 = Release|Any CPU
	EndGlobalSection
	GlobalSection(SolutionProperties) = preSolution
		HideSolutionNode = FALSE
	EndGlobalSection
	GlobalSection(ExtensibilityGlobals) = postSolution
		SolutionGuid = {08E85957-F25C-40E4-89E4-15665B5EE4A7}
	EndGlobalSection
EndGlobal
