
Microsoft Visual Studio Solution File, Format Version 12.00
# Visual Studio 15
VisualStudioVersion = 15.0.28010.2003
MinimumVisualStudioVersion = 10.0.40219.1
Project("{FAE04EC0-301F-11D3-BF4B-00C04F79EFBC}") = "division_DAbeyta", "division_DAbeyta\division_DAbeyta.csproj", "{3D20DF16-F97B-4939-B352-677280612268}"
EndProject
Global
	GlobalSection(SolutionConfigurationPlatforms) = preSolution
		Debug|Any CPU = Debug|Any CPU
		Release|Any CPU = Release|Any CPU
	EndGlobalSection
	GlobalSection(ProjectConfigurationPlatforms) = postSolution
		{3D20DF16-F97B-4939-B352-677280612268}.Debug|Any CPU.ActiveCfg = Debug|Any CPU
		{3D20DF16-F97B-4939-B352-677280612268}.Debug|Any CPU.Build.0 = Debug|Any CPU
		{3D20DF16-F97B-4939-B352-677280612268}.Release|Any CPU.ActiveCfg = Release|Any CPU
		{3D20DF16-F97B-4939-B352-677280612268}.Release|Any CPU.Build.0 = Release|Any CPU
	EndGlobalSection
	GlobalSection(SolutionProperties) = preSolution
		HideSolutionNode = FALSE
	EndGlobalSection
	GlobalSection(ExtensibilityGlobals) = postSolution
		SolutionGuid = {F6A5E39A-3ED0-4566-8729-24EFAEA8937A}
	EndGlobalSection
EndGlobal
