
Microsoft Visual Studio Solution File, Format Version 12.00
# Visual Studio 15
VisualStudioVersion = 15.0.28010.2003
MinimumVisualStudioVersion = 10.0.40219.1
Project("{FAE04EC0-301F-11D3-BF4B-00C04F79EFBC}") = "DAbeyta_WaterGun", "DAbeyta_WaterGun\DAbeyta_WaterGun.csproj", "{E1633156-A01B-4C63-98EB-FF2642C4ED3F}"
EndProject
Global
	GlobalSection(SolutionConfigurationPlatforms) = preSolution
		Debug|Any CPU = Debug|Any CPU
		Release|Any CPU = Release|Any CPU
	EndGlobalSection
	GlobalSection(ProjectConfigurationPlatforms) = postSolution
		{E1633156-A01B-4C63-98EB-FF2642C4ED3F}.Debug|Any CPU.ActiveCfg = Debug|Any CPU
		{E1633156-A01B-4C63-98EB-FF2642C4ED3F}.Debug|Any CPU.Build.0 = Debug|Any CPU
		{E1633156-A01B-4C63-98EB-FF2642C4ED3F}.Release|Any CPU.ActiveCfg = Release|Any CPU
		{E1633156-A01B-4C63-98EB-FF2642C4ED3F}.Release|Any CPU.Build.0 = Release|Any CPU
	EndGlobalSection
	GlobalSection(SolutionProperties) = preSolution
		HideSolutionNode = FALSE
	EndGlobalSection
	GlobalSection(ExtensibilityGlobals) = postSolution
		SolutionGuid = {8438A2A0-7270-4611-AE87-D933A1619F07}
	EndGlobalSection
EndGlobal
