
Microsoft Visual Studio Solution File, Format Version 12.00
# Visual Studio 15
VisualStudioVersion = 15.0.28010.2003
MinimumVisualStudioVersion = 10.0.40219.1
Project("{FAE04EC0-301F-11D3-BF4B-00C04F79EFBC}") = "MoreRecursionPractice_DylanAbeyta", "MoreRecursionPractice_DylanAbeyta\MoreRecursionPractice_DylanAbeyta.csproj", "{4830843A-73B1-4433-BB55-C5D37BC4B03D}"
EndProject
Global
	GlobalSection(SolutionConfigurationPlatforms) = preSolution
		Debug|Any CPU = Debug|Any CPU
		Release|Any CPU = Release|Any CPU
	EndGlobalSection
	GlobalSection(ProjectConfigurationPlatforms) = postSolution
		{4830843A-73B1-4433-BB55-C5D37BC4B03D}.Debug|Any CPU.ActiveCfg = Debug|Any CPU
		{4830843A-73B1-4433-BB55-C5D37BC4B03D}.Debug|Any CPU.Build.0 = Debug|Any CPU
		{4830843A-73B1-4433-BB55-C5D37BC4B03D}.Release|Any CPU.ActiveCfg = Release|Any CPU
		{4830843A-73B1-4433-BB55-C5D37BC4B03D}.Release|Any CPU.Build.0 = Release|Any CPU
	EndGlobalSection
	GlobalSection(SolutionProperties) = preSolution
		HideSolutionNode = FALSE
	EndGlobalSection
	GlobalSection(ExtensibilityGlobals) = postSolution
		SolutionGuid = {8C8C2106-8020-4BB5-AB06-E7383ABA3383}
	EndGlobalSection
EndGlobal
